
Microsoft Visual Studio Solution File, Format Version 12.00
# Visual Studio 15
VisualStudioVersion = 15.0.28010.2041
MinimumVisualStudioVersion = 10.0.40219.1
Project("{FAE04EC0-301F-11D3-BF4B-00C04F79EFBC}") = "SoftwareDesign1", "SoftwareDesign1\SoftwareDesign1.csproj", "{A7876A2B-7142-4171-8EEC-A4B299BCB0D0}"
EndProject
Global
	GlobalSection(SolutionConfigurationPlatforms) = preSolution
		Debug|Any CPU = Debug|Any CPU
		Release|Any CPU = Release|Any CPU
	EndGlobalSection
	GlobalSection(ProjectConfigurationPlatforms) = postSolution
		{A7876A2B-7142-4171-8EEC-A4B299BCB0D0}.Debug|Any CPU.ActiveCfg = Debug|Any CPU
		{A7876A2B-7142-4171-8EEC-A4B299BCB0D0}.Debug|Any CPU.Build.0 = Debug|Any CPU
		{A7876A2B-7142-4171-8EEC-A4B299BCB0D0}.Release|Any CPU.ActiveCfg = Release|Any CPU
		{A7876A2B-7142-4171-8EEC-A4B299BCB0D0}.Release|Any CPU.Build.0 = Release|Any CPU
	EndGlobalSection
	GlobalSection(SolutionProperties) = preSolution
		HideSolutionNode = FALSE
	EndGlobalSection
	GlobalSection(ExtensibilityGlobals) = postSolution
		SolutionGuid = {B2FD73EE-8308-4ED1-BB7B-8BB651630488}
	EndGlobalSection
EndGlobal
